
Microsoft Visual Studio Solution File, Format Version 12.00
Project("{2150E333-8FDC-42A3-9474-1A3956D46DE8}") = "src", "src", "{4CD0CB24-BDC5-446A-A1E4-95B231A1F74A}"
EndProject
Project("{2150E333-8FDC-42A3-9474-1A3956D46DE8}") = "services", "services", "{AB57E479-DB68-4336-8386-570F0695E269}"
EndProject
Project("{FAE04EC0-301F-11D3-BF4B-00C04F79EFBC}") = "Identidade.app", "src\services\Identidade.app\Identidade.app.csproj", "{E5AB6FD8-7D8F-4F6C-8332-013D013EF489}"
EndProject
Project("{FAE04EC0-301F-11D3-BF4B-00C04F79EFBC}") = "Usuarios.app", "src\services\Usuarios.app\Usuarios.app.csproj", "{D24E799A-B6B1-4498-932A-4DE11F915ABE}"
EndProject
Project("{2150E333-8FDC-42A3-9474-1A3956D46DE8}") = "buildingblocks", "buildingblocks", "{4B2657C5-EF0D-4161-8E53-DC883E669A7C}"
EndProject
Project("{FAE04EC0-301F-11D3-BF4B-00C04F79EFBC}") = "Match.app", "src\services\Match.app\Match.app.csproj", "{5D15DD62-38C2-422F-BD26-86A3C4412780}"
EndProject
Project("{2150E333-8FDC-42A3-9474-1A3956D46DE8}") = "web", "web", "{85C20185-3C8D-4797-A855-7DCEDDF56B7C}"
EndProject
Project("{FAE04EC0-301F-11D3-BF4B-00C04F79EFBC}") = "api", "src\web\api\api.csproj", "{D07D56CF-7E78-40A9-AB54-692B8D1AD1CC}"
EndProject
Project("{FAE04EC0-301F-11D3-BF4B-00C04F79EFBC}") = "core", "src\buildingblocks\core\core.csproj", "{7DBC65C9-7616-47DF-B1F4-6D0710E2878B}"
EndProject
Global
	GlobalSection(SolutionConfigurationPlatforms) = preSolution
		Debug|Any CPU = Debug|Any CPU
		Release|Any CPU = Release|Any CPU
	EndGlobalSection
	GlobalSection(ProjectConfigurationPlatforms) = postSolution
		{E5AB6FD8-7D8F-4F6C-8332-013D013EF489}.Debug|Any CPU.ActiveCfg = Debug|Any CPU
		{E5AB6FD8-7D8F-4F6C-8332-013D013EF489}.Debug|Any CPU.Build.0 = Debug|Any CPU
		{E5AB6FD8-7D8F-4F6C-8332-013D013EF489}.Release|Any CPU.ActiveCfg = Release|Any CPU
		{E5AB6FD8-7D8F-4F6C-8332-013D013EF489}.Release|Any CPU.Build.0 = Release|Any CPU
		{D24E799A-B6B1-4498-932A-4DE11F915ABE}.Debug|Any CPU.ActiveCfg = Debug|Any CPU
		{D24E799A-B6B1-4498-932A-4DE11F915ABE}.Debug|Any CPU.Build.0 = Debug|Any CPU
		{D24E799A-B6B1-4498-932A-4DE11F915ABE}.Release|Any CPU.ActiveCfg = Release|Any CPU
		{D24E799A-B6B1-4498-932A-4DE11F915ABE}.Release|Any CPU.Build.0 = Release|Any CPU
		{5D15DD62-38C2-422F-BD26-86A3C4412780}.Debug|Any CPU.ActiveCfg = Debug|Any CPU
		{5D15DD62-38C2-422F-BD26-86A3C4412780}.Debug|Any CPU.Build.0 = Debug|Any CPU
		{5D15DD62-38C2-422F-BD26-86A3C4412780}.Release|Any CPU.ActiveCfg = Release|Any CPU
		{5D15DD62-38C2-422F-BD26-86A3C4412780}.Release|Any CPU.Build.0 = Release|Any CPU
		{D07D56CF-7E78-40A9-AB54-692B8D1AD1CC}.Debug|Any CPU.ActiveCfg = Debug|Any CPU
		{D07D56CF-7E78-40A9-AB54-692B8D1AD1CC}.Debug|Any CPU.Build.0 = Debug|Any CPU
		{D07D56CF-7E78-40A9-AB54-692B8D1AD1CC}.Release|Any CPU.ActiveCfg = Release|Any CPU
		{D07D56CF-7E78-40A9-AB54-692B8D1AD1CC}.Release|Any CPU.Build.0 = Release|Any CPU
		{7DBC65C9-7616-47DF-B1F4-6D0710E2878B}.Debug|Any CPU.ActiveCfg = Debug|Any CPU
		{7DBC65C9-7616-47DF-B1F4-6D0710E2878B}.Debug|Any CPU.Build.0 = Debug|Any CPU
		{7DBC65C9-7616-47DF-B1F4-6D0710E2878B}.Release|Any CPU.ActiveCfg = Release|Any CPU
		{7DBC65C9-7616-47DF-B1F4-6D0710E2878B}.Release|Any CPU.Build.0 = Release|Any CPU
	EndGlobalSection
	GlobalSection(NestedProjects) = preSolution
		{AB57E479-DB68-4336-8386-570F0695E269} = {4CD0CB24-BDC5-446A-A1E4-95B231A1F74A}
		{E5AB6FD8-7D8F-4F6C-8332-013D013EF489} = {AB57E479-DB68-4336-8386-570F0695E269}
		{D24E799A-B6B1-4498-932A-4DE11F915ABE} = {AB57E479-DB68-4336-8386-570F0695E269}
		{4B2657C5-EF0D-4161-8E53-DC883E669A7C} = {4CD0CB24-BDC5-446A-A1E4-95B231A1F74A}
		{5D15DD62-38C2-422F-BD26-86A3C4412780} = {AB57E479-DB68-4336-8386-570F0695E269}
		{85C20185-3C8D-4797-A855-7DCEDDF56B7C} = {4CD0CB24-BDC5-446A-A1E4-95B231A1F74A}
		{D07D56CF-7E78-40A9-AB54-692B8D1AD1CC} = {85C20185-3C8D-4797-A855-7DCEDDF56B7C}
		{7DBC65C9-7616-47DF-B1F4-6D0710E2878B} = {4B2657C5-EF0D-4161-8E53-DC883E669A7C}
	EndGlobalSection
EndGlobal
